
Microsoft Visual Studio Solution File, Format Version 12.00
# Visual Studio Version 17
VisualStudioVersion = 17.1.32421.90
MinimumVisualStudioVersion = 10.0.40219.1
Project("{9A19103F-16F7-4668-BE54-9A1E7A4F7556}") = "API", "API\API.csproj", "{10C9CE68-5F6F-455F-A5C5-ECFE6174B193}"
EndProject
Project("{E24C65DC-7377-472B-9ABA-BC803B73C61A}") = "client", "client\", "{14697342-704D-409D-BCFB-8A06A2E0C76F}"
	ProjectSection(WebsiteProperties) = preProject
		TargetFrameworkMoniker = ".NETFramework,Version%3Dv4.0"
		Debug.AspNetCompiler.VirtualPath = "/localhost_60333"
		Debug.AspNetCompiler.PhysicalPath = "client\"
		Debug.AspNetCompiler.TargetPath = "PrecompiledWeb\localhost_60333\"
		Debug.AspNetCompiler.Updateable = "true"
		Debug.AspNetCompiler.ForceOverwrite = "true"
		Debug.AspNetCompiler.FixedNames = "false"
		Debug.AspNetCompiler.Debug = "True"
		Release.AspNetCompiler.VirtualPath = "/localhost_60333"
		Release.AspNetCompiler.PhysicalPath = "client\"
		Release.AspNetCompiler.TargetPath = "PrecompiledWeb\localhost_60333\"
		Release.AspNetCompiler.Updateable = "true"
		Release.AspNetCompiler.ForceOverwrite = "true"
		Release.AspNetCompiler.FixedNames = "false"
		Release.AspNetCompiler.Debug = "False"
		VWDPort = "60333"
	EndProjectSection
EndProject
Global
	GlobalSection(SolutionConfigurationPlatforms) = preSolution
		Debug|Any CPU = Debug|Any CPU
		Release|Any CPU = Release|Any CPU
	EndGlobalSection
	GlobalSection(ProjectConfigurationPlatforms) = postSolution
		{10C9CE68-5F6F-455F-A5C5-ECFE6174B193}.Debug|Any CPU.ActiveCfg = Debug|Any CPU
		{10C9CE68-5F6F-455F-A5C5-ECFE6174B193}.Debug|Any CPU.Build.0 = Debug|Any CPU
		{10C9CE68-5F6F-455F-A5C5-ECFE6174B193}.Release|Any CPU.ActiveCfg = Release|Any CPU
		{10C9CE68-5F6F-455F-A5C5-ECFE6174B193}.Release|Any CPU.Build.0 = Release|Any CPU
		{14697342-704D-409D-BCFB-8A06A2E0C76F}.Debug|Any CPU.ActiveCfg = Debug|Any CPU
		{14697342-704D-409D-BCFB-8A06A2E0C76F}.Debug|Any CPU.Build.0 = Debug|Any CPU
		{14697342-704D-409D-BCFB-8A06A2E0C76F}.Release|Any CPU.ActiveCfg = Debug|Any CPU
		{14697342-704D-409D-BCFB-8A06A2E0C76F}.Release|Any CPU.Build.0 = Debug|Any CPU
	EndGlobalSection
	GlobalSection(SolutionProperties) = preSolution
		HideSolutionNode = FALSE
	EndGlobalSection
	GlobalSection(ExtensibilityGlobals) = postSolution
		SolutionGuid = {DF85AF97-B827-48F0-AFAF-C44ADAF3E091}
	EndGlobalSection
EndGlobal
